PODS:
  - connectivity_plus (0.0.1):
    - Flutter
    - FlutterMacOS
  - DKImagePickerController/Core (4.3.9):
    - DKImagePickerController/ImageDataManager
    - DKImagePickerController/Resource
  - DKImagePickerController/ImageDataManager (4.3.9)
  - DKImagePickerController/PhotoGallery (4.3.9):
    - DKImagePickerController/Core
    - DKPhotoGallery
  - DKImagePickerController/Resource (4.3.9)
  - DKPhotoGallery (0.0.19):
    - DKPhotoGallery/Core (= 0.0.19)
    - DKPhotoGallery/Model (= 0.0.19)
    - DKPhotoGallery/Preview (= 0.0.19)
    - DKPhotoGallery/Resource (= 0.0.19)
    - SDWebImage
    - SwiftyGif
  - DKPhotoGallery/Core (0.0.19):
    - DKPhotoGallery/Model
    - DKPhotoGallery/Preview
    - SDWebImage
    - SwiftyGif
  - DKPhotoGallery/Model (0.0.19):
    - SDWebImage
    - SwiftyGif
  - DKPhotoGallery/Preview (0.0.19):
    - DKPhotoGallery/Model
    - DKPhotoGallery/Resource
    - SDWebImage
    - SwiftyGif
  - DKPhotoGallery/Resource (0.0.19):
    - SDWebImage
    - SwiftyGif
  - file_picker (0.0.1):
    - DKImagePickerController/PhotoGallery
    - Flutter
  - Flutter (1.0.0)
  - image_picker_ios (0.0.1):
    - Flutter
  - MapLibre (6.5.0)
  - maplibre_gl (0.0.1):
    - Flutter
    - MapLibre (= 6.5.0)
  - path_provider_foundation (0.0.1):
    - Flutter
    - FlutterMacOS
  - permission_handler_apple (9.3.0):
    - Flutter
  - SDWebImage (5.19.7):
    - SDWebImage/Core (= 5.19.7)
  - SDWebImage/Core (5.19.7)
  - sqflite_darwin (0.0.4):
    - Flutter
    - FlutterMacOS
  - Stripe (23.30.0):
    - StripeApplePay (= 23.30.0)
    - StripeCore (= 23.30.0)
    - StripePayments (= 23.30.0)
    - StripePaymentsUI (= 23.30.0)
    - StripeUICore (= 23.30.0)
  - stripe_ios (0.0.1):
    - Flutter
    - Stripe (~> 23.30.0)
    - StripeApplePay (~> 23.30.0)
    - StripeFinancialConnections (~> 23.30.0)
    - StripePayments (~> 23.30.0)
    - StripePaymentSheet (~> 23.30.0)
    - StripePaymentsUI (~> 23.30.0)
  - StripeApplePay (23.30.0):
    - StripeCore (= 23.30.0)
  - StripeCore (23.30.0)
  - StripeFinancialConnections (23.30.0):
    - StripeCore (= 23.30.0)
    - StripeUICore (= 23.30.0)
  - StripePayments (23.30.0):
    - StripeCore (= 23.30.0)
    - StripePayments/Stripe3DS2 (= 23.30.0)
  - StripePayments/Stripe3DS2 (23.30.0):
    - StripeCore (= 23.30.0)
  - StripePaymentSheet (23.30.0):
    - StripeApplePay (= 23.30.0)
    - StripeCore (= 23.30.0)
    - StripePayments (= 23.30.0)
    - StripePaymentsUI (= 23.30.0)
  - StripePaymentsUI (23.30.0):
    - StripeCore (= 23.30.0)
    - StripePayments (= 23.30.0)
    - StripeUICore (= 23.30.0)
  - StripeUICore (23.30.0):
    - StripeCore (= 23.30.0)
  - SwiftyGif (5.4.5)
  - url_launcher_ios (0.0.1):
    - Flutter

DEPENDENCIES:
  - connectivity_plus (from `.symlinks/plugins/connectivity_plus/darwin`)
  - file_picker (from `.symlinks/plugins/file_picker/ios`)
  - Flutter (from `Flutter`)
  - image_picker_ios (from `.symlinks/plugins/image_picker_ios/ios`)
  - maplibre_gl (from `.symlinks/plugins/maplibre_gl/ios`)
  - path_provider_foundation (from `.symlinks/plugins/path_provider_foundation/darwin`)
  - permission_handler_apple (from `.symlinks/plugins/permission_handler_apple/ios`)
  - sqflite_darwin (from `.symlinks/plugins/sqflite_darwin/darwin`)
  - stripe_ios (from `.symlinks/plugins/stripe_ios/ios`)
  - url_launcher_ios (from `.symlinks/plugins/url_launcher_ios/ios`)

SPEC REPOS:
  trunk:
    - DKImagePickerController
    - DKPhotoGallery
    - MapLibre
    - SDWebImage
    - Stripe
    - StripeApplePay
    - StripeCore
    - StripeFinancialConnections
    - StripePayments
    - StripePaymentSheet
    - StripePaymentsUI
    - StripeUICore
    - SwiftyGif

EXTERNAL SOURCES:
  connectivity_plus:
    :path: ".symlinks/plugins/connectivity_plus/darwin"
  file_picker:
    :path: ".symlinks/plugins/file_picker/ios"
  Flutter:
    :path: Flutter
  image_picker_ios:
    :path: ".symlinks/plugins/image_picker_ios/ios"
  maplibre_gl:
    :path: ".symlinks/plugins/maplibre_gl/ios"
  path_provider_foundation:
    :path: ".symlinks/plugins/path_provider_foundation/darwin"
  permission_handler_apple:
    :path: ".symlinks/plugins/permission_handler_apple/ios"
  sqflite_darwin:
    :path: ".symlinks/plugins/sqflite_darwin/darwin"
  stripe_ios:
    :path: ".symlinks/plugins/stripe_ios/ios"
  url_launcher_ios:
    :path: ".symlinks/plugins/url_launcher_ios/ios"

SPEC CHECKSUMS:
  connectivity_plus: 4c41c08fc6d7c91f63bc7aec70ffe3730b04f563
  DKImagePickerController: 946cec48c7873164274ecc4624d19e3da4c1ef3c
  DKPhotoGallery: b3834fecb755ee09a593d7c9e389d8b5d6deed60
  file_picker: 09aa5ec1ab24135ccd7a1621c46c84134bfd6655
  Flutter: e0871f40cf51350855a761d2e70bf5af5b9b5de7
  image_picker_ios: c560581cceedb403a6ff17f2f816d7fea1421fc1
  MapLibre: 0ebfa9329d313cec8bf0a5ba5a336a1dc903785e
  maplibre_gl: 943a491fffb3337c1b9de57fd377206d18c16e34
  path_provider_foundation: 2b6b4c569c0fb62ec74538f866245ac84301af46
  permission_handler_apple: 9878588469a2b0d0fc1e048d9f43605f92e6cec2
  SDWebImage: 8a6b7b160b4d710e2a22b6900e25301075c34cb3
  sqflite_darwin: a553b1fd6fe66f53bbb0fe5b4f5bab93f08d7a13
  Stripe: 9757efc154de1d9615cbea4836d590bc4034d3a4
  stripe_ios: 4463f81157e91cbbf441e1b3fdf5edce90787491
  StripeApplePay: ca33933601302742623762157d587b79b942d073
  StripeCore: 2af250a2366ff2bbf64d4243c5f9bbf2a98b2aaf
  StripeFinancialConnections: 3ab1ef6182ec44e71c29e9a2100b663f9713ac20
  StripePayments: 658a16bd34d20c8185aa281866227b9e1743300e
  StripePaymentSheet: eac031f76d7fbb4f52df9b9c39be5be671ca4c07
  StripePaymentsUI: 7d7cffb2ecfc0d6b5ac3a4488c02893a5ff6cc77
  StripeUICore: bb102d453b1e1a10a37f810bc0a9aa0675fb17fd
  SwiftyGif: 706c60cf65fa2bc5ee0313beece843c8eb8194d4
  url_launcher_ios: 5334b05cef931de560670eeae103fd3e431ac3fe

PODFILE CHECKSUM: 9c46fd01abff66081b39f5fa5767b3f1d0b11d76

COCOAPODS: 1.16.2
